
Microsoft Visual Studio Solution File, Format Version 12.00
# Visual Studio 15
VisualStudioVersion = 15.0.27703.2035
MinimumVisualStudioVersion = 10.0.40219.1
Project("{FAE04EC0-301F-11D3-BF4B-00C04F79EFBC}") = "LogDataAnalysis", "LogDataAnalysis\LogDataAnalysis.csproj", "{2FA182E8-0954-4284-9EFA-791F10654B92}"
EndProject
Project("{FAE04EC0-301F-11D3-BF4B-00C04F79EFBC}") = "TimeSpanExtractor", "TimeSpanExtractor\TimeSpanExtractor.csproj", "{9C90E870-EC0A-4AE6-94DC-90A4312AE37D}"
EndProject
Project("{FAE04EC0-301F-11D3-BF4B-00C04F79EFBC}") = "ManualVideoTracker", "ManualVideoTracker\ManualVideoTracker.csproj", "{B6A71DB2-BF1F-4594-8D77-0716C0BCABCE}"
EndProject
Global
	GlobalSection(SolutionConfigurationPlatforms) = preSolution
		Debug|Any CPU = Debug|Any CPU
		Release|Any CPU = Release|Any CPU
	EndGlobalSection
	GlobalSection(ProjectConfigurationPlatforms) = postSolution
		{2FA182E8-0954-4284-9EFA-791F10654B92}.Debug|Any CPU.ActiveCfg = Debug|Any CPU
		{2FA182E8-0954-4284-9EFA-791F10654B92}.Debug|Any CPU.Build.0 = Debug|Any CPU
		{2FA182E8-0954-4284-9EFA-791F10654B92}.Release|Any CPU.ActiveCfg = Release|Any CPU
		{2FA182E8-0954-4284-9EFA-791F10654B92}.Release|Any CPU.Build.0 = Release|Any CPU
		{9C90E870-EC0A-4AE6-94DC-90A4312AE37D}.Debug|Any CPU.ActiveCfg = Debug|Any CPU
		{9C90E870-EC0A-4AE6-94DC-90A4312AE37D}.Debug|Any CPU.Build.0 = Debug|Any CPU
		{9C90E870-EC0A-4AE6-94DC-90A4312AE37D}.Release|Any CPU.ActiveCfg = Release|Any CPU
		{9C90E870-EC0A-4AE6-94DC-90A4312AE37D}.Release|Any CPU.Build.0 = Release|Any CPU
		{B6A71DB2-BF1F-4594-8D77-0716C0BCABCE}.Debug|Any CPU.ActiveCfg = Debug|Any CPU
		{B6A71DB2-BF1F-4594-8D77-0716C0BCABCE}.Debug|Any CPU.Build.0 = Debug|Any CPU
		{B6A71DB2-BF1F-4594-8D77-0716C0BCABCE}.Release|Any CPU.ActiveCfg = Release|Any CPU
		{B6A71DB2-BF1F-4594-8D77-0716C0BCABCE}.Release|Any CPU.Build.0 = Release|Any CPU
	EndGlobalSection
	GlobalSection(SolutionProperties) = preSolution
		HideSolutionNode = FALSE
	EndGlobalSection
	GlobalSection(ExtensibilityGlobals) = postSolution
		SolutionGuid = {6BCA3584-BF04-42B9-9F9C-060A68D5D360}
	EndGlobalSection
EndGlobal
